
Microsoft Visual Studio Solution File, Format Version 12.00
# Visual Studio Version 16
VisualStudioVersion = 16.0.31129.286
MinimumVisualStudioVersion = 10.0.40219.1
Project("{FAE04EC0-301F-11D3-BF4B-00C04F79EFBC}") = "test", "test\test.csproj", "{183BCA8B-5F52-4C87-B568-22885E3A2A87}"
EndProject
Global
	GlobalSection(SolutionConfigurationPlatforms) = preSolution
		Debug|Any CPU = Debug|Any CPU
		Release|Any CPU = Release|Any CPU
	EndGlobalSection
	GlobalSection(ProjectConfigurationPlatforms) = postSolution
		{183BCA8B-5F52-4C87-B568-22885E3A2A87}.Debug|Any CPU.ActiveCfg = Debug|Any CPU
		{183BCA8B-5F52-4C87-B568-22885E3A2A87}.Debug|Any CPU.Build.0 = Debug|Any CPU
		{183BCA8B-5F52-4C87-B568-22885E3A2A87}.Release|Any CPU.ActiveCfg = Release|Any CPU
		{183BCA8B-5F52-4C87-B568-22885E3A2A87}.Release|Any CPU.Build.0 = Release|Any CPU
	EndGlobalSection
	GlobalSection(SolutionProperties) = preSolution
		HideSolutionNode = FALSE
	EndGlobalSection
	GlobalSection(ExtensibilityGlobals) = postSolution
		SolutionGuid = {071E42E0-8CCA-4B3A-AC5F-287060754A15}
	EndGlobalSection
EndGlobal
